# This file is autogenerated, do not edit; changes may be undone by the next 'dep ensure'.


[[projects]]
  name = "github.com/Selvatico/go-mocket"
  packages = ["."]
  revision = "82e79c17561f0da018597afa0f51c993ee8d01d0"
  version = "v1.0.4"

[[projects]]
  name = "github.com/jinzhu/gorm"
  packages = [
    ".",
    "dialects/postgres"
  ]
  revision = "6ed508ec6a4ecb3531899a69cbc746ccf65a4166"
  version = "v1.9.1"

[[projects]]
  branch = "master"
  name = "github.com/jinzhu/inflection"
  packages = ["."]
  revision = "04140366298a54a039076d798123ffa108fff46c"

[[projects]]
  branch = "master"
  name = "github.com/joyt/godate"
  packages = ["."]
  revision = "7151572574a7c217932a48e0b23c111631e7181c"

[[projects]]
  branch = "master"
  name = "github.com/lib/pq"
  packages = [
    ".",
    "hstore",
    "oid"
  ]
  revision = "d34b9ff171c21ad295489235aec8b6626023cd04"

[[projects]]
  name = "github.com/mattn/go-runewidth"
  packages = ["."]
  revision = "9e777a8366cce605130a531d2cd6363d07ad7317"
  version = "v0.0.2"

[[projects]]
  branch = "master"
  name = "golang.org/x/sys"
  packages = ["unix"]
  revision = "7dfd1290c7917b7ba22824b9d24954ab3002fe24"

[[projects]]
  name = "gopkg.in/cheggaaa/pb.v1"
  packages = ["."]
  revision = "1f7f140e48255d0e448ec06de47d4545b8ec1f85"
  version = "v1.0.24"

[solve-meta]
  analyzer-name = "dep"
  analyzer-version = 1
  inputs-digest = "c25461f9779c14b7781ebd73315a07380c0146d2e567057f2fc09c4a701ceaa5"
  solver-name = "gps-cdcl"
  solver-version = 1
